
Microsoft Visual Studio Solution File, Format Version 12.00
# Visual Studio Version 16
VisualStudioVersion = 16.0.30413.136
MinimumVisualStudioVersion = 10.0.40219.1
Project("{9A19103F-16F7-4668-BE54-9A1E7A4F7556}") = "RepositoryCompiler", "RepositoryCompiler.csproj", "{06A730DB-F23E-4F92-9082-BC2EF07DE212}"
EndProject
Project("{FAE04EC0-301F-11D3-BF4B-00C04F79EFBC}") = "RepositoryCompilerTests", "..\RepositoryCompilerTests\RepositoryCompilerTests.csproj", "{7441CC1A-0969-4207-B9A0-42C3E6A02EF8}"
EndProject
Global
	GlobalSection(SolutionConfigurationPlatforms) = preSolution
		Debug|Any CPU = Debug|Any CPU
		Release|Any CPU = Release|Any CPU
	EndGlobalSection
	GlobalSection(ProjectConfigurationPlatforms) = postSolution
		{06A730DB-F23E-4F92-9082-BC2EF07DE212}.Debug|Any CPU.ActiveCfg = Debug|Any CPU
		{06A730DB-F23E-4F92-9082-BC2EF07DE212}.Debug|Any CPU.Build.0 = Debug|Any CPU
		{06A730DB-F23E-4F92-9082-BC2EF07DE212}.Release|Any CPU.ActiveCfg = Release|Any CPU
		{06A730DB-F23E-4F92-9082-BC2EF07DE212}.Release|Any CPU.Build.0 = Release|Any CPU
		{7441CC1A-0969-4207-B9A0-42C3E6A02EF8}.Debug|Any CPU.ActiveCfg = Debug|Any CPU
		{7441CC1A-0969-4207-B9A0-42C3E6A02EF8}.Debug|Any CPU.Build.0 = Debug|Any CPU
		{7441CC1A-0969-4207-B9A0-42C3E6A02EF8}.Release|Any CPU.ActiveCfg = Release|Any CPU
		{7441CC1A-0969-4207-B9A0-42C3E6A02EF8}.Release|Any CPU.Build.0 = Release|Any CPU
	EndGlobalSection
	GlobalSection(SolutionProperties) = preSolution
		HideSolutionNode = FALSE
	EndGlobalSection
	GlobalSection(ExtensibilityGlobals) = postSolution
		SolutionGuid = {286C03E9-DD45-4225-B4CF-64C1440F0513}
	EndGlobalSection
EndGlobal
